
Microsoft Visual Studio Solution File, Format Version 11.00
# Visual Studio 2010
Project("{8BC9CEB8-8B4A-11D0-8D11-00A0C91BC942}") = "ManageServerApp", "ManageServerApp\ManageServerApp.vcxproj", "{4632B5AD-6108-4A90-B2F1-84232BCE8D83}"
EndProject
Global
	GlobalSection(SolutionConfigurationPlatforms) = preSolution
		Debug|Win32 = Debug|Win32
		Release|Win32 = Release|Win32
	EndGlobalSection
	GlobalSection(ProjectConfigurationPlatforms) = postSolution
		{4632B5AD-6108-4A90-B2F1-84232BCE8D83}.Debug|Win32.ActiveCfg = Debug|Win32
		{4632B5AD-6108-4A90-B2F1-84232BCE8D83}.Debug|Win32.Build.0 = Debug|Win32
		{4632B5AD-6108-4A90-B2F1-84232BCE8D83}.Release|Win32.ActiveCfg = Release|Win32
		{4632B5AD-6108-4A90-B2F1-84232BCE8D83}.Release|Win32.Build.0 = Release|Win32
	EndGlobalSection
	GlobalSection(SolutionProperties) = preSolution
		HideSolutionNode = FALSE
	EndGlobalSection
EndGlobal
